
Microsoft Visual Studio Solution File, Format Version 12.00
# Visual Studio Version 17
VisualStudioVersion = 17.3.32922.545
MinimumVisualStudioVersion = 10.0.40219.1
Project("{FAE04EC0-301F-11D3-BF4B-00C04F79EFBC}") = "Internship-4-OOP-Crypto-Wallet", "Internship-4-OOP-Crypto-Wallet.csproj", "{6F28817E-EFF1-49C9-A1AD-D67015EF831C}"
EndProject
Global
	GlobalSection(SolutionConfigurationPlatforms) = preSolution
		Debug|Any CPU = Debug|Any CPU
		Release|Any CPU = Release|Any CPU
	EndGlobalSection
	GlobalSection(ProjectConfigurationPlatforms) = postSolution
		{6F28817E-EFF1-49C9-A1AD-D67015EF831C}.Debug|Any CPU.ActiveCfg = Debug|Any CPU
		{6F28817E-EFF1-49C9-A1AD-D67015EF831C}.Debug|Any CPU.Build.0 = Debug|Any CPU
		{6F28817E-EFF1-49C9-A1AD-D67015EF831C}.Release|Any CPU.ActiveCfg = Release|Any CPU
		{6F28817E-EFF1-49C9-A1AD-D67015EF831C}.Release|Any CPU.Build.0 = Release|Any CPU
	EndGlobalSection
	GlobalSection(SolutionProperties) = preSolution
		HideSolutionNode = FALSE
	EndGlobalSection
	GlobalSection(ExtensibilityGlobals) = postSolution
		SolutionGuid = {A8C772CA-BAB9-4883-B6B0-458E012CE5B4}
	EndGlobalSection
EndGlobal
